
Microsoft Visual Studio Solution File, Format Version 12.00
# Visual Studio Version 17
VisualStudioVersion = 17.8.34309.116
MinimumVisualStudioVersion = 10.0.40219.1
Project("{FAE04EC0-301F-11D3-BF4B-00C04F79EFBC}") = "kme", "kme.csproj", "{67502917-469B-4EA5-9891-83FDB375A038}"
EndProject
Global
	GlobalSection(SolutionConfigurationPlatforms) = preSolution
		Debug|Any CPU = Debug|Any CPU
		Release|Any CPU = Release|Any CPU
	EndGlobalSection
	GlobalSection(ProjectConfigurationPlatforms) = postSolution
		{67502917-469B-4EA5-9891-83FDB375A038}.Debug|Any CPU.ActiveCfg = Debug|Any CPU
		{67502917-469B-4EA5-9891-83FDB375A038}.Debug|Any CPU.Build.0 = Debug|Any CPU
		{67502917-469B-4EA5-9891-83FDB375A038}.Release|Any CPU.ActiveCfg = Release|Any CPU
		{67502917-469B-4EA5-9891-83FDB375A038}.Release|Any CPU.Build.0 = Release|Any CPU
	EndGlobalSection
	GlobalSection(SolutionProperties) = preSolution
		HideSolutionNode = FALSE
	EndGlobalSection
	GlobalSection(ExtensibilityGlobals) = postSolution
		SolutionGuid = {830F6054-5DF2-43FC-8BD1-D5D200F638CC}
	EndGlobalSection
EndGlobal
